// !$*UTF8*$!
{
	archiveVersion = 1;
	classes = {
	};
	objectVersion = 55;
	objects = {

/* Begin PBXBuildFile section */
		7E469AD6273069CA0068145A /* AppDelegate.swift in Sources */ = {isa = PBXBuildFile; fileRef = 7E469AD5273069CA0068145A /* AppDelegate.swift */; };
		7E469AD8273069CA0068145A /* SceneDelegate.swift in Sources */ = {isa = PBXBuildFile; fileRef = 7E469AD7273069CA0068145A /* SceneDelegate.swift */; };
		7E469ADA273069CA0068145A /* ViewController.swift in Sources */ = {isa = PBXBuildFile; fileRef = 7E469AD9273069CA0068145A /* ViewController.swift */; };
		7E469ADD273069CA0068145A /* Main.storyboard in Resources */ = {isa = PBXBuildFile; fileRef = 7E469ADB273069CA0068145A /* Main.storyboard */; };
		7E469ADF273069CB0068145A /* Assets.xcassets in Resources */ = {isa = PBXBuildFile; fileRef = 7E469ADE273069CB0068145A /* Assets.xcassets */; };
		7E469AE2273069CB0068145A /* LaunchScreen.storyboard in Resources */ = {isa = PBXBuildFile; fileRef = 7E469AE0273069CB0068145A /* LaunchScreen.storyboard */; };
		7E469AEB27306E4E0068145A /* PokemonListRequest.swift in Sources */ = {isa = PBXBuildFile; fileRef = 7E469AEA27306E4E0068145A /* PokemonListRequest.swift */; };
		7E469AED27306ED00068145A /* PokemonListResult.swift in Sources */ = {isa = PBXBuildFile; fileRef = 7E469AEC27306ED00068145A /* PokemonListResult.swift */; };
		7E77D197273308A7001D1837 /* PokemonRequest.swift in Sources */ = {isa = PBXBuildFile; fileRef = 7E77D196273308A7001D1837 /* PokemonRequest.swift */; };
		7E77D199273309BA001D1837 /* PokemonSprites.swift in Sources */ = {isa = PBXBuildFile; fileRef = 7E77D198273309BA001D1837 /* PokemonSprites.swift */; };
		7E77D19C27330A80001D1837 /* PokemonType.swift in Sources */ = {isa = PBXBuildFile; fileRef = 7E77D19B27330A80001D1837 /* PokemonType.swift */; };
		7EA3D5332732B216009AC3BC /* PokemonRowTableViewCell.swift in Sources */ = {isa = PBXBuildFile; fileRef = 7EA3D5322732B216009AC3BC /* PokemonRowTableViewCell.swift */; };
		7EF8F8BE273468DB0050D48A /* PokemonViewController.swift in Sources */ = {isa = PBXBuildFile; fileRef = 7EF8F8BD273468DB0050D48A /* PokemonViewController.swift */; };
		7EF8F8C027346A640050D48A /* PokemonInfo.swift in Sources */ = {isa = PBXBuildFile; fileRef = 7EF8F8BF27346A640050D48A /* PokemonInfo.swift */; };
/* End PBXBuildFile section */

/* Begin PBXFileReference section */
		7E469AD2273069CA0068145A /* Flygondex.app */ = {isa = PBXFileReference; explicitFileType = wrapper.application; includeInIndex = 0; path = Flygondex.app; sourceTree = BUILT_PRODUCTS_DIR; };
		7E469AD5273069CA0068145A /* AppDelegate.swift */ = {isa = PBXFileReference; lastKnownFileType = sourcecode.swift; path = AppDelegate.swift; sourceTree = "<group>"; };
		7E469AD7273069CA0068145A /* SceneDelegate.swift */ = {isa = PBXFileReference; lastKnownFileType = sourcecode.swift; path = SceneDelegate.swift; sourceTree = "<group>"; };
		7E469AD9273069CA0068145A /* ViewController.swift */ = {isa = PBXFileReference; lastKnownFileType = sourcecode.swift; path = ViewController.swift; sourceTree = "<group>"; };
		7E469ADC273069CA0068145A /* Base */ = {isa = PBXFileReference; lastKnownFileType = file.storyboard; name = Base; path = Base.lproj/Main.storyboard; sourceTree = "<group>"; };
		7E469ADE273069CB0068145A /* Assets.xcassets */ = {isa = PBXFileReference; lastKnownFileType = folder.assetcatalog; path = Assets.xcassets; sourceTree = "<group>"; };
		7E469AE1273069CB0068145A /* Base */ = {isa = PBXFileReference; lastKnownFileType = file.storyboard; name = Base; path = Base.lproj/LaunchScreen.storyboard; sourceTree = "<group>"; };
		7E469AE3273069CB0068145A /* Info.plist */ = {isa = PBXFileReference; lastKnownFileType = text.plist.xml; path = Info.plist; sourceTree = "<group>"; };
		7E469AEA27306E4E0068145A /* PokemonListRequest.swift */ = {isa = PBXFileReference; lastKnownFileType = sourcecode.swift; path = PokemonListRequest.swift; sourceTree = "<group>"; };
		7E469AEC27306ED00068145A /* PokemonListResult.swift */ = {isa = PBXFileReference; lastKnownFileType = sourcecode.swift; path = PokemonListResult.swift; sourceTree = "<group>"; };
		7E77D196273308A7001D1837 /* PokemonRequest.swift */ = {isa = PBXFileReference; lastKnownFileType = sourcecode.swift; path = PokemonRequest.swift; sourceTree = "<group>"; };
		7E77D198273309BA001D1837 /* PokemonSprites.swift */ = {isa = PBXFileReference; lastKnownFileType = sourcecode.swift; path = PokemonSprites.swift; sourceTree = "<group>"; };
		7E77D19B27330A80001D1837 /* PokemonType.swift */ = {isa = PBXFileReference; lastKnownFileType = sourcecode.swift; path = PokemonType.swift; sourceTree = "<group>"; };
		7EA3D5322732B216009AC3BC /* PokemonRowTableViewCell.swift */ = {isa = PBXFileReference; lastKnownFileType = sourcecode.swift; path = PokemonRowTableViewCell.swift; sourceTree = "<group>"; };
		7EF8F8BD273468DB0050D48A /* PokemonViewController.swift */ = {isa = PBXFileReference; lastKnownFileType = sourcecode.swift; path = PokemonViewController.swift; sourceTree = "<group>"; };
		7EF8F8BF27346A640050D48A /* PokemonInfo.swift */ = {isa = PBXFileReference; lastKnownFileType = sourcecode.swift; path = PokemonInfo.swift; sourceTree = "<group>"; };
/* End PBXFileReference section */

/* Begin PBXFrameworksBuildPhase section */
		7E469ACF273069CA0068145A /* Frameworks */ = {
			isa = PBXFrameworksBuildPhase;
			buildActionMask = 2147483647;
			files = (
			);
			runOnlyForDeploymentPostprocessing = 0;
		};
/* End PBXFrameworksBuildPhase section */

/* Begin PBXGroup section */
		7E469AC9273069CA0068145A = {
			isa = PBXGroup;
			children = (
				7E469AD4273069CA0068145A /* Flygondex */,
				7E469AD3273069CA0068145A /* Products */,
			);
			sourceTree = "<group>";
		};
		7E469AD3273069CA0068145A /* Products */ = {
			isa = PBXGroup;
			children = (
				7E469AD2273069CA0068145A /* Flygondex.app */,
			);
			name = Products;
			sourceTree = "<group>";
		};
		7E469AD4273069CA0068145A /* Flygondex */ = {
			isa = PBXGroup;
			children = (
				7E77D19A273309FC001D1837 /* PokemonUtils */,
				7EA3D5312732B1E6009AC3BC /* UI */,
				7E469AE927306E1D0068145A /* Models */,
				7E469AD5273069CA0068145A /* AppDelegate.swift */,
				7E469AD7273069CA0068145A /* SceneDelegate.swift */,
				7E469AD9273069CA0068145A /* ViewController.swift */,
				7EF8F8BD273468DB0050D48A /* PokemonViewController.swift */,
				7E469ADB273069CA0068145A /* Main.storyboard */,
				7E469ADE273069CB0068145A /* Assets.xcassets */,
				7E469AE0273069CB0068145A /* LaunchScreen.storyboard */,
				7E469AE3273069CB0068145A /* Info.plist */,
			);
			path = Flygondex;
			sourceTree = "<group>";
		};
		7E469AE927306E1D0068145A /* Models */ = {
			isa = PBXGroup;
			children = (
				7E469AEA27306E4E0068145A /* PokemonListRequest.swift */,
				7E469AEC27306ED00068145A /* PokemonListResult.swift */,
				7E77D196273308A7001D1837 /* PokemonRequest.swift */,
				7EF8F8BF27346A640050D48A /* PokemonInfo.swift */,
			);
			path = Models;
			sourceTree = "<group>";
		};
		7E77D19A273309FC001D1837 /* PokemonUtils */ = {
			isa = PBXGroup;
			children = (
				7E77D198273309BA001D1837 /* PokemonSprites.swift */,
				7E77D19B27330A80001D1837 /* PokemonType.swift */,
			);
			path = PokemonUtils;
			sourceTree = "<group>";
		};
		7EA3D5312732B1E6009AC3BC /* UI */ = {
			isa = PBXGroup;
			children = (
				7EA3D5322732B216009AC3BC /* PokemonRowTableViewCell.swift */,
			);
			path = UI;
			sourceTree = "<group>";
		};
/* End PBXGroup section */

/* Begin PBXNativeTarget section */
		7E469AD1273069CA0068145A /* Flygondex */ = {
			isa = PBXNativeTarget;
			buildConfigurationList = 7E469AE6273069CB0068145A /* Build configuration list for PBXNativeTarget "Flygondex" */;
			buildPhases = (
				7E469ACE273069CA0068145A /* Sources */,
				7E469ACF273069CA0068145A /* Frameworks */,
				7E469AD0273069CA0068145A /* Resources */,
			);
			buildRules = (
			);
			dependencies = (
			);
			name = Flygondex;
			productName = Flygondex;
			productReference = 7E469AD2273069CA0068145A /* Flygondex.app */;
			productType = "com.apple.product-type.application";
		};
/* End PBXNativeTarget section */

/* Begin PBXProject section */
		7E469ACA273069CA0068145A /* Project object */ = {
			isa = PBXProject;
			attributes = {
				BuildIndependentTargetsInParallel = 1;
				LastSwiftUpdateCheck = 1300;
				LastUpgradeCheck = 1300;
				TargetAttributes = {
					7E469AD1273069CA0068145A = {
						CreatedOnToolsVersion = 13.0;
					};
				};
			};
			buildConfigurationList = 7E469ACD273069CA0068145A /* Build configuration list for PBXProject "Flygondex" */;
			compatibilityVersion = "Xcode 13.0";
			developmentRegion = en;
			hasScannedForEncodings = 0;
			knownRegions = (
				en,
				Base,
			);
			mainGroup = 7E469AC9273069CA0068145A;
			productRefGroup = 7E469AD3273069CA0068145A /* Products */;
			projectDirPath = "";
			projectRoot = "";
			targets = (
				7E469AD1273069CA0068145A /* Flygondex */,
			);
		};
/* End PBXProject section */

/* Begin PBXResourcesBuildPhase section */
		7E469AD0273069CA0068145A /* Resources */ = {
			isa = PBXResourcesBuildPhase;
			buildActionMask = 2147483647;
			files = (
				7E469AE2273069CB0068145A /* LaunchScreen.storyboard in Resources */,
				7E469ADF273069CB0068145A /* Assets.xcassets in Resources */,
				7E469ADD273069CA0068145A /* Main.storyboard in Resources */,
			);
			runOnlyForDeploymentPostprocessing = 0;
		};
/* End PBXResourcesBuildPhase section */

/* Begin PBXSourcesBuildPhase section */
		7E469ACE273069CA0068145A /* Sources */ = {
			isa = PBXSourcesBuildPhase;
			buildActionMask = 2147483647;
			files = (
				7EF8F8C027346A640050D48A /* PokemonInfo.swift in Sources */,
				7E469AED27306ED00068145A /* PokemonListResult.swift in Sources */,
				7E469ADA273069CA0068145A /* ViewController.swift in Sources */,
				7E77D199273309BA001D1837 /* PokemonSprites.swift in Sources */,
				7E469AEB27306E4E0068145A /* PokemonListRequest.swift in Sources */,
				7E469AD6273069CA0068145A /* AppDelegate.swift in Sources */,
				7EA3D5332732B216009AC3BC /* PokemonRowTableViewCell.swift in Sources */,
				7EF8F8BE273468DB0050D48A /* PokemonViewController.swift in Sources */,
				7E77D19C27330A80001D1837 /* PokemonType.swift in Sources */,
				7E77D197273308A7001D1837 /* PokemonRequest.swift in Sources */,
				7E469AD8273069CA0068145A /* SceneDelegate.swift in Sources */,
			);
			runOnlyForDeploymentPostprocessing = 0;
		};
/* End PBXSourcesBuildPhase section */

/* Begin PBXVariantGroup section */
		7E469ADB273069CA0068145A /* Main.storyboard */ = {
			isa = PBXVariantGroup;
			children = (
				7E469ADC273069CA0068145A /* Base */,
			);
			name = Main.storyboard;
			sourceTree = "<group>";
		};
		7E469AE0273069CB0068145A /* LaunchScreen.storyboard */ = {
			isa = PBXVariantGroup;
			children = (
				7E469AE1273069CB0068145A /* Base */,
			);
			name = LaunchScreen.storyboard;
			sourceTree = "<group>";
		};
/* End PBXVariantGroup section */

/* Begin XCBuildConfiguration section */
		7E469AE4273069CB0068145A /* Debug */ = {
			isa = XCBuildConfiguration;
			buildSettings = {
				ALWAYS_SEARCH_USER_PATHS = NO;
				CLANG_ANALYZER_NONNULL = YES;
				CLANG_ANALYZER_NUMBER_OBJECT_CONVERSION = YES_AGGRESSIVE;
				CLANG_CXX_LANGUAGE_STANDARD = "gnu++17";
				CLANG_CXX_LIBRARY = "libc++";
				CLANG_ENABLE_MODULES = YES;
				CLANG_ENABLE_OBJC_ARC = YES;
				CLANG_ENABLE_OBJC_WEAK = YES;
				CLANG_WARN_BLOCK_CAPTURE_AUTORELEASING = YES;
				CLANG_WARN_BOOL_CONVERSION = YES;
				CLANG_WARN_COMMA = YES;
				CLANG_WARN_CONSTANT_CONVERSION = YES;
				CLANG_WARN_DEPRECATED_OBJC_IMPLEMENTATIONS = YES;
				CLANG_WARN_DIRECT_OBJC_ISA_USAGE = YES_ERROR;
				CLANG_WARN_DOCUMENTATION_COMMENTS = YES;
				CLANG_WARN_EMPTY_BODY = YES;
				CLANG_WARN_ENUM_CONVERSION = YES;
				CLANG_WARN_INFINITE_RECURSION = YES;
				CLANG_WARN_INT_CONVERSION = YES;
				CLANG_WARN_NON_LITERAL_NULL_CONVERSION = YES;
				CLANG_WARN_OBJC_IMPLICIT_RETAIN_SELF = YES;
				CLANG_WARN_OBJC_LITERAL_CONVERSION = YES;
				CLANG_WARN_OBJC_ROOT_CLASS = YES_ERROR;
				CLANG_WARN_QUOTED_INCLUDE_IN_FRAMEWORK_HEADER = YES;
				CLANG_WARN_RANGE_LOOP_ANALYSIS = YES;
				CLANG_WARN_STRICT_PROTOTYPES = YES;
				CLANG_WARN_SUSPICIOUS_MOVE = YES;
				CLANG_WARN_UNGUARDED_AVAILABILITY = YES_AGGRESSIVE;
				CLANG_WARN_UNREACHABLE_CODE = YES;
				CLANG_WARN__DUPLICATE_METHOD_MATCH = YES;
				COPY_PHASE_STRIP = NO;
				DEBUG_INFORMATION_FORMAT = dwarf;
				ENABLE_STRICT_OBJC_MSGSEND = YES;
				ENABLE_TESTABILITY = YES;
				GCC_C_LANGUAGE_STANDARD = gnu11;
				GCC_DYNAMIC_NO_PIC = NO;
				GCC_NO_COMMON_BLOCKS = YES;
				GCC_OPTIMIZATION_LEVEL = 0;
				GCC_PREPROCESSOR_DEFINITIONS = (
					"DEBUG=1",
					"$(inherited)",
				);
				GCC_WARN_64_TO_32_BIT_CONVERSION = YES;
				GCC_WARN_ABOUT_RETURN_TYPE = YES_ERROR;
				GCC_WARN_UNDECLARED_SELECTOR = YES;
				GCC_WARN_UNINITIALIZED_AUTOS = YES_AGGRESSIVE;
				GCC_WARN_UNUSED_FUNCTION = YES;
				GCC_WARN_UNUSED_VARIABLE = YES;
				IPHONEOS_DEPLOYMENT_TARGET = 15.0;
				MTL_ENABLE_DEBUG_INFO = INCLUDE_SOURCE;
				MTL_FAST_MATH = YES;
				ONLY_ACTIVE_ARCH = YES;
				SDKROOT = iphoneos;
				SWIFT_ACTIVE_COMPILATION_CONDITIONS = DEBUG;
				SWIFT_OPTIMIZATION_LEVEL = "-Onone";
			};
			name = Debug;
		};
		7E469AE5273069CB0068145A /* Release */ = {
			isa = XCBuildConfiguration;
			buildSettings = {
				ALWAYS_SEARCH_USER_PATHS = NO;
				CLANG_ANALYZER_NONNULL = YES;
				CLANG_ANALYZER_NUMBER_OBJECT_CONVERSION = YES_AGGRESSIVE;
				CLANG_CXX_LANGUAGE_STANDARD = "gnu++17";
				CLANG_CXX_LIBRARY = "libc++";
				CLANG_ENABLE_MODULES = YES;
				CLANG_ENABLE_OBJC_ARC = YES;
				CLANG_ENABLE_OBJC_WEAK = YES;
				CLANG_WARN_BLOCK_CAPTURE_AUTORELEASING = YES;
				CLANG_WARN_BOOL_CONVERSION = YES;
				CLANG_WARN_COMMA = YES;
				CLANG_WARN_CONSTANT_CONVERSION = YES;
				CLANG_WARN_DEPRECATED_OBJC_IMPLEMENTATIONS = YES;
				CLANG_WARN_DIRECT_OBJC_ISA_USAGE = YES_ERROR;
				CLANG_WARN_DOCUMENTATION_COMMENTS = YES;
				CLANG_WARN_EMPTY_BODY = YES;
				CLANG_WARN_ENUM_CONVERSION = YES;
				CLANG_WARN_INFINITE_RECURSION = YES;
				CLANG_WARN_INT_CONVERSION = YES;
				CLANG_WARN_NON_LITERAL_NULL_CONVERSION = YES;
				CLANG_WARN_OBJC_IMPLICIT_RETAIN_SELF = YES;
				CLANG_WARN_OBJC_LITERAL_CONVERSION = YES;
				CLANG_WARN_OBJC_ROOT_CLASS = YES_ERROR;
				CLANG_WARN_QUOTED_INCLUDE_IN_FRAMEWORK_HEADER = YES;
				CLANG_WARN_RANGE_LOOP_ANALYSIS = YES;
				CLANG_WARN_STRICT_PROTOTYPES = YES;
				CLANG_WARN_SUSPICIOUS_MOVE = YES;
				CLANG_WARN_UNGUARDED_AVAILABILITY = YES_AGGRESSIVE;
				CLANG_WARN_UNREACHABLE_CODE = YES;
				CLANG_WARN__DUPLICATE_METHOD_MATCH = YES;
				COPY_PHASE_STRIP = NO;
				DEBUG_INFORMATION_FORMAT = "dwarf-with-dsym";
				ENABLE_NS_ASSERTIONS = NO;
				ENABLE_STRICT_OBJC_MSGSEND = YES;
				GCC_C_LANGUAGE_STANDARD = gnu11;
				GCC_NO_COMMON_BLOCKS = YES;
				GCC_WARN_64_TO_32_BIT_CONVERSION = YES;
				GCC_WARN_ABOUT_RETURN_TYPE = YES_ERROR;
				GCC_WARN_UNDECLARED_SELECTOR = YES;
				GCC_WARN_UNINITIALIZED_AUTOS = YES_AGGRESSIVE;
				GCC_WARN_UNUSED_FUNCTION = YES;
				GCC_WARN_UNUSED_VARIABLE = YES;
				IPHONEOS_DEPLOYMENT_TARGET = 15.0;
				MTL_ENABLE_DEBUG_INFO = NO;
				MTL_FAST_MATH = YES;
				SDKROOT = iphoneos;
				SWIFT_COMPILATION_MODE = wholemodule;
				SWIFT_OPTIMIZATION_LEVEL = "-O";
				VALIDATE_PRODUCT = YES;
			};
			name = Release;
		};
		7E469AE7273069CB0068145A /* Debug */ = {
			isa = XCBuildConfiguration;
			buildSettings = {
				ASSETCATALOG_COMPILER_APPICON_NAME = AppIcon;
				ASSETCATALOG_COMPILER_GLOBAL_ACCENT_COLOR_NAME = AccentColor;
				CODE_SIGN_STYLE = Automatic;
				CURRENT_PROJECT_VERSION = 1;
				GENERATE_INFOPLIST_FILE = YES;
				INFOPLIST_FILE = Flygondex/Info.plist;
				INFOPLIST_KEY_UIApplicationSupportsIndirectInputEvents = YES;
				INFOPLIST_KEY_UILaunchStoryboardName = LaunchScreen;
				INFOPLIST_KEY_UIMainStoryboardFile = Main;
				INFOPLIST_KEY_UISupportedInterfaceOrientations_iPad = "UIInterfaceOrientationPortrait UIInterfaceOrientationPortraitUpsideDown UIInterfaceOrientationLandscapeLeft UIInterfaceOrientationLandscapeRight";
				INFOPLIST_KEY_UISupportedInterfaceOrientations_iPhone = "UIInterfaceOrientationPortrait UIInterfaceOrientationLandscapeLeft UIInterfaceOrientationLandscapeRight";
				LD_RUNPATH_SEARCH_PATHS = (
					"$(inherited)",
					"@executable_path/Frameworks",
				);
				MARKETING_VERSION = 1.0;
				PRODUCT_BUNDLE_IDENTIFIER = com.samuel.Flygondex;
				PRODUCT_NAME = "$(TARGET_NAME)";
				SWIFT_EMIT_LOC_STRINGS = YES;
				SWIFT_VERSION = 5.0;
				TARGETED_DEVICE_FAMILY = "1,2";
			};
			name = Debug;
		};
		7E469AE8273069CB0068145A /* Release */ = {
			isa = XCBuildConfiguration;
			buildSettings = {
				ASSETCATALOG_COMPILER_APPICON_NAME = AppIcon;
				ASSETCATALOG_COMPILER_GLOBAL_ACCENT_COLOR_NAME = AccentColor;
				CODE_SIGN_STYLE = Automatic;
				CURRENT_PROJECT_VERSION = 1;
				GENERATE_INFOPLIST_FILE = YES;
				INFOPLIST_FILE = Flygondex/Info.plist;
				INFOPLIST_KEY_UIApplicationSupportsIndirectInputEvents = YES;
				INFOPLIST_KEY_UILaunchStoryboardName = LaunchScreen;
				INFOPLIST_KEY_UIMainStoryboardFile = Main;
				INFOPLIST_KEY_UISupportedInterfaceOrientations_iPad = "UIInterfaceOrientationPortrait UIInterfaceOrientationPortraitUpsideDown UIInterfaceOrientationLandscapeLeft UIInterfaceOrientationLandscapeRight";
				INFOPLIST_KEY_UISupportedInterfaceOrientations_iPhone = "UIInterfaceOrientationPortrait UIInterfaceOrientationLandscapeLeft UIInterfaceOrientationLandscapeRight";
				LD_RUNPATH_SEARCH_PATHS = (
					"$(inherited)",
					"@executable_path/Frameworks",
				);
				MARKETING_VERSION = 1.0;
				PRODUCT_BUNDLE_IDENTIFIER = com.samuel.Flygondex;
				PRODUCT_NAME = "$(TARGET_NAME)";
				SWIFT_EMIT_LOC_STRINGS = YES;
				SWIFT_VERSION = 5.0;
				TARGETED_DEVICE_FAMILY = "1,2";
			};
			name = Release;
		};
/* End XCBuildConfiguration section */

/* Begin XCConfigurationList section */
		7E469ACD273069CA0068145A /* Build configuration list for PBXProject "Flygondex" */ = {
			isa = XCConfigurationList;
			buildConfigurations = (
				7E469AE4273069CB0068145A /* Debug */,
				7E469AE5273069CB0068145A /* Release */,
			);
			defaultConfigurationIsVisible = 0;
			defaultConfigurationName = Release;
		};
		7E469AE6273069CB0068145A /* Build configuration list for PBXNativeTarget "Flygondex" */ = {
			isa = XCConfigurationList;
			buildConfigurations = (
				7E469AE7273069CB0068145A /* Debug */,
				7E469AE8273069CB0068145A /* Release */,
			);
			defaultConfigurationIsVisible = 0;
			defaultConfigurationName = Release;
		};
/* End XCConfigurationList section */
	};
	rootObject = 7E469ACA273069CA0068145A /* Project object */;
}
